
Microsoft Visual Studio Solution File, Format Version 12.00
# Visual Studio 15
VisualStudioVersion = 15.0.27130.2027
MinimumVisualStudioVersion = 10.0.40219.1
Project("{FAE04EC0-301F-11D3-BF4B-00C04F79EFBC}") = "FlowerMaster", "FlowerMaster\FlowerMaster.csproj", "{6E154E66-F97C-4956-B5D9-C94B8EB4447C}"
EndProject
Global
	GlobalSection(SolutionConfigurationPlatforms) = preSolution
		Debug|Any CPU = Debug|Any CPU
		Debug|x64 = Debug|x64
		Debug|x86 = Debug|x86
		Release|Any CPU = Release|Any CPU
		Release|x64 = Release|x64
		Release|x86 = Release|x86
	EndGlobalSection
	GlobalSection(ProjectConfigurationPlatforms) = postSolution
		{6E154E66-F97C-4956-B5D9-C94B8EB4447C}.Debug|Any CPU.ActiveCfg = Debug|Any CPU
		{6E154E66-F97C-4956-B5D9-C94B8EB4447C}.Debug|Any CPU.Build.0 = Debug|Any CPU
		{6E154E66-F97C-4956-B5D9-C94B8EB4447C}.Debug|x64.ActiveCfg = Debug|x64
		{6E154E66-F97C-4956-B5D9-C94B8EB4447C}.Debug|x64.Build.0 = Debug|x64
		{6E154E66-F97C-4956-B5D9-C94B8EB4447C}.Debug|x86.ActiveCfg = Debug|x86
		{6E154E66-F97C-4956-B5D9-C94B8EB4447C}.Debug|x86.Build.0 = Debug|x86
		{6E154E66-F97C-4956-B5D9-C94B8EB4447C}.Release|Any CPU.ActiveCfg = Release|Any CPU
		{6E154E66-F97C-4956-B5D9-C94B8EB4447C}.Release|Any CPU.Build.0 = Release|Any CPU
		{6E154E66-F97C-4956-B5D9-C94B8EB4447C}.Release|x64.ActiveCfg = Release|x64
		{6E154E66-F97C-4956-B5D9-C94B8EB4447C}.Release|x64.Build.0 = Release|x64
		{6E154E66-F97C-4956-B5D9-C94B8EB4447C}.Release|x86.ActiveCfg = Release|x86
		{6E154E66-F97C-4956-B5D9-C94B8EB4447C}.Release|x86.Build.0 = Release|x86
	EndGlobalSection
	GlobalSection(SolutionProperties) = preSolution
		HideSolutionNode = FALSE
	EndGlobalSection
	GlobalSection(ExtensibilityGlobals) = postSolution
		SolutionGuid = {97B7B61C-D5F4-4A66-9BE6-23B4A32F1FE1}
	EndGlobalSection
EndGlobal
